<?xml version="1.0" encoding="utf-8"?>
<Project ToolsVersion="4.0" xmlns="http://schemas.microsoft.com/developer/msbuild/2003">
  <ItemGroup>
    <Filter Include="Source Files">
      <UniqueIdentifier>{4FC737F1-C7A5-4376-A066-2A32D752A2FF}</UniqueIdentifier>
      <Extensions>cpp;c;cc;cxx;def;odl;idl;hpj;bat;asm;asmx</Extensions>
    </Filter>
    <Filter Include="Header Files">
      <UniqueIdentifier>{93995380-89BD-4b04-88EB-625FBE52EBFB}</UniqueIdentifier>
      <Extensions>h;hh;hpp;hxx;hm;inl;inc;xsd</Extensions>
    </Filter>
    <Filter Include="Resource Files">
      <UniqueIdentifier>{67DA6AB6-F800-4c08-8B7A-83BB121AAD01}</UniqueIdentifier>
      <Extensions>rc;ico;cur;bmp;dlg;rc2;rct;bin;rgs;gif;jpg;jpeg;jpe;resx;tiff;tif;png;wav;mfcribbon-ms</Extensions>
    </Filter>
  </ItemGroup>
  <ItemGroup>
    <Text Include="ReadMe.txt" />
  </ItemGroup>
  <ItemGroup>
    <ClInclude Include="stdafx.h">
      <Filter>Header Files</Filter>
    </ClInclude>
    <ClInclude Include="targetver.h">
      <Filter>Header Files</Filter>
    </ClInclude>
    <ClInclude Include="..\src\bplustree.h">
      <Filter>Header Files</Filter>
    </ClInclude>
    <ClInclude Include="..\src\crypto.h">
      <Filter>Header Files</Filter>
    </ClInclude>
    <ClInclude Include="..\src\dict.h">
      <Filter>Header Files</Filter>
    </ClInclude>
    <ClInclude Include="..\src\gsdraw.h">
      <Filter>Header Files</Filter>
    </ClInclude>
    <ClInclude Include="..\src\pdfcatalog.h">
      <Filter>Header Files</Filter>
    </ClInclude>
    <ClInclude Include="..\src\pdfcmap.h">
      <Filter>Header Files</Filter>
    </ClInclude>
    <ClInclude Include="..\src\pdfcmds.h">
      <Filter>Header Files</Filter>
    </ClInclude>
    <ClInclude Include="..\src\pdfcrypto.h">
      <Filter>Header Files</Filter>
    </ClInclude>
    <ClInclude Include="..\src\pdfdevice.h">
      <Filter>Header Files</Filter>
    </ClInclude>
    <ClInclude Include="..\src\pdfdoc.h">
      <Filter>Header Files</Filter>
    </ClInclude>
    <ClInclude Include="..\src\pdfencodingtables.h">
      <Filter>Header Files</Filter>
    </ClInclude>
    <ClInclude Include="..\src\pdffilter.h">
      <Filter>Header Files</Filter>
    </ClInclude>
    <ClInclude Include="..\src\pdffont.h">
      <Filter>Header Files</Filter>
    </ClInclude>
    <ClInclude Include="..\src\pdfhelper.h">
      <Filter>Header Files</Filter>
    </ClInclude>
    <ClInclude Include="..\src\pdfindex.h">
      <Filter>Header Files</Filter>
    </ClInclude>
    <ClInclude Include="..\src\pdfinterp.h">
      <Filter>Header Files</Filter>
    </ClInclude>
    <ClInclude Include="..\src\pdfmem.h">
      <Filter>Header Files</Filter>
    </ClInclude>
    <ClInclude Include="..\src\pdfoc.h">
      <Filter>Header Files</Filter>
    </ClInclude>
    <ClInclude Include="..\src\pdfpage.h">
      <Filter>Header Files</Filter>
    </ClInclude>
    <ClInclude Include="..\src\pdfpaint.h">
      <Filter>Header Files</Filter>
    </ClInclude>
    <ClInclude Include="..\src\pdfread.h">
      <Filter>Header Files</Filter>
    </ClInclude>
    <ClInclude Include="..\src\pdfresource.h">
      <Filter>Header Files</Filter>
    </ClInclude>
    <ClInclude Include="..\src\pdfstream.h">
      <Filter>Header Files</Filter>
    </ClInclude>
    <ClInclude Include="..\src\pdftypes.h">
      <Filter>Header Files</Filter>
    </ClInclude>
    <ClInclude Include="..\src\tst.h">
      <Filter>Header Files</Filter>
    </ClInclude>
    <ClInclude Include="..\include\pdf.h">
      <Filter>Header Files</Filter>
    </ClInclude>
    <ClInclude Include="..\src\lzw_decomp.h">
      <Filter>Header Files</Filter>
    </ClInclude>
    <ClInclude Include="..\src\aes.h">
      <Filter>Header Files</Filter>
    </ClInclude>
    <ClInclude Include="..\src\arc4.h">
      <Filter>Header Files</Filter>
    </ClInclude>
    <ClInclude Include="..\src\md5.h">
      <Filter>Header Files</Filter>
    </ClInclude>
    <ClInclude Include="..\pkgs\zlib\crc32.h">
      <Filter>Header Files</Filter>
    </ClInclude>
    <ClInclude Include="..\pkgs\zlib\deflate.h">
      <Filter>Header Files</Filter>
    </ClInclude>
    <ClInclude Include="..\pkgs\zlib\gzguts.h">
      <Filter>Header Files</Filter>
    </ClInclude>
    <ClInclude Include="..\pkgs\zlib\inffast.h">
      <Filter>Header Files</Filter>
    </ClInclude>
    <ClInclude Include="..\pkgs\zlib\inffixed.h">
      <Filter>Header Files</Filter>
    </ClInclude>
    <ClInclude Include="..\pkgs\zlib\inflate.h">
      <Filter>Header Files</Filter>
    </ClInclude>
    <ClInclude Include="..\pkgs\zlib\inftrees.h">
      <Filter>Header Files</Filter>
    </ClInclude>
    <ClInclude Include="..\pkgs\zlib\trees.h">
      <Filter>Header Files</Filter>
    </ClInclude>
    <ClInclude Include="..\pkgs\zlib\zconf.h">
      <Filter>Header Files</Filter>
    </ClInclude>
    <ClInclude Include="..\pkgs\zlib\zlib.h">
      <Filter>Header Files</Filter>
    </ClInclude>
    <ClInclude Include="..\pkgs\zlib\zutil.h">
      <Filter>Header Files</Filter>
    </ClInclude>
    <ClInclude Include="..\src\radix-trie.h">
      <Filter>Header Files</Filter>
    </ClInclude>
  </ItemGroup>
  <ItemGroup>
    <ClCompile Include="stdafx.cpp">
      <Filter>Source Files</Filter>
    </ClCompile>
    <ClCompile Include="msvc.cpp">
      <Filter>Source Files</Filter>
    </ClCompile>
    <ClCompile Include="dllmain.cpp">
      <Filter>Source Files</Filter>
    </ClCompile>
    <ClCompile Include="..\src\bplustree.c">
      <Filter>Source Files</Filter>
    </ClCompile>
    <ClCompile Include="..\src\dict.c">
      <Filter>Source Files</Filter>
    </ClCompile>
    <ClCompile Include="..\src\gxdraw.c">
      <Filter>Source Files</Filter>
    </ClCompile>
    <ClCompile Include="..\src\keywords_hash.c">
      <Filter>Source Files</Filter>
    </ClCompile>
    <ClCompile Include="..\src\pdf.c">
      <Filter>Source Files</Filter>
    </ClCompile>
    <ClCompile Include="..\src\pdf_parse.c">
      <Filter>Source Files</Filter>
    </ClCompile>
    <ClCompile Include="..\src\pdfcatalog.c">
      <Filter>Source Files</Filter>
    </ClCompile>
    <ClCompile Include="..\src\pdfcmap.c">
      <Filter>Source Files</Filter>
    </ClCompile>
    <ClCompile Include="..\src\pdfcmds.c">
      <Filter>Source Files</Filter>
    </ClCompile>
    <ClCompile Include="..\src\pdfcolorspace.c">
      <Filter>Source Files</Filter>
    </ClCompile>
    <ClCompile Include="..\src\pdfcontentstream.c">
      <Filter>Source Files</Filter>
    </ClCompile>
    <ClCompile Include="..\src\pdfcrypto.c">
      <Filter>Source Files</Filter>
    </ClCompile>
    <ClCompile Include="..\src\pdfdevice.c">
      <Filter>Source Files</Filter>
    </ClCompile>
    <ClCompile Include="..\src\pdfdevicehtml.c">
      <Filter>Source Files</Filter>
    </ClCompile>
    <ClCompile Include="..\src\pdfdevicetxt.c">
      <Filter>Source Files</Filter>
    </ClCompile>
    <ClCompile Include="..\src\pdfdoc.c">
      <Filter>Source Files</Filter>
    </ClCompile>
    <ClCompile Include="..\src\pdfencodingtable.c">
      <Filter>Source Files</Filter>
    </ClCompile>
    <ClCompile Include="..\src\pdffilter.c">
      <Filter>Source Files</Filter>
    </ClCompile>
    <ClCompile Include="..\src\pdffont.c">
      <Filter>Source Files</Filter>
    </ClCompile>
    <ClCompile Include="..\src\pdfindex.c">
      <Filter>Source Files</Filter>
    </ClCompile>
    <ClCompile Include="..\src\pdfmem.c">
      <Filter>Source Files</Filter>
    </ClCompile>
    <ClCompile Include="..\src\pdfobj.c">
      <Filter>Source Files</Filter>
    </ClCompile>
    <ClCompile Include="..\src\pdfoc.c">
      <Filter>Source Files</Filter>
    </ClCompile>
    <ClCompile Include="..\src\pdfpage.c">
      <Filter>Source Files</Filter>
    </ClCompile>
    <ClCompile Include="..\src\pdfpaint.c">
      <Filter>Source Files</Filter>
    </ClCompile>
    <ClCompile Include="..\src\pdfread.c">
      <Filter>Source Files</Filter>
    </ClCompile>
    <ClCompile Include="..\src\pdfstream.c">
      <Filter>Source Files</Filter>
    </ClCompile>
    <ClCompile Include="..\src\pdfwrite.c">
      <Filter>Source Files</Filter>
    </ClCompile>
    <ClCompile Include="..\src\substream.c">
      <Filter>Source Files</Filter>
    </ClCompile>
    <ClCompile Include="..\src\tst.c">
      <Filter>Source Files</Filter>
    </ClCompile>
    <ClCompile Include="..\src\tst_compact.c">
      <Filter>Source Files</Filter>
    </ClCompile>
    <ClCompile Include="..\src\aes.c">
      <Filter>Source Files</Filter>
    </ClCompile>
    <ClCompile Include="..\src\arc4.c">
      <Filter>Source Files</Filter>
    </ClCompile>
    <ClCompile Include="..\src\md5.c">
      <Filter>Source Files</Filter>
    </ClCompile>
    <ClCompile Include="..\pkgs\zlib\adler32.c">
      <Filter>Source Files</Filter>
    </ClCompile>
    <ClCompile Include="..\pkgs\zlib\compress.c">
      <Filter>Source Files</Filter>
    </ClCompile>
    <ClCompile Include="..\pkgs\zlib\crc32.c">
      <Filter>Source Files</Filter>
    </ClCompile>
    <ClCompile Include="..\pkgs\zlib\deflate.c">
      <Filter>Source Files</Filter>
    </ClCompile>
    <ClCompile Include="..\pkgs\zlib\infback.c">
      <Filter>Source Files</Filter>
    </ClCompile>
    <ClCompile Include="..\pkgs\zlib\inffast.c">
      <Filter>Source Files</Filter>
    </ClCompile>
    <ClCompile Include="..\pkgs\zlib\inflate.c">
      <Filter>Source Files</Filter>
    </ClCompile>
    <ClCompile Include="..\pkgs\zlib\inftrees.c">
      <Filter>Source Files</Filter>
    </ClCompile>
    <ClCompile Include="..\pkgs\zlib\trees.c">
      <Filter>Source Files</Filter>
    </ClCompile>
    <ClCompile Include="..\pkgs\zlib\uncompr.c">
      <Filter>Source Files</Filter>
    </ClCompile>
    <ClCompile Include="..\pkgs\zlib\zutil.c">
      <Filter>Source Files</Filter>
    </ClCompile>
    <ClCompile Include="..\src\lzw_decomp.c">
      <Filter>Source Files</Filter>
    </ClCompile>
    <ClCompile Include="..\src\radix-trie.c">
      <Filter>Source Files</Filter>
    </ClCompile>
  </ItemGroup>
</Project>